
Microsoft Visual Studio Solution File, Format Version 12.00
# Visual Studio Version 17
VisualStudioVersion = 17.7.34018.315
MinimumVisualStudioVersion = 10.0.40219.1
Project("{FAE04EC0-301F-11D3-BF4B-00C04F79EFBC}") = "SWII6_TP02", "SWII6_TP02.csproj", "{D476D998-A4BE-4691-B86B-235C92BC82ED}"
EndProject
Global
	GlobalSection(SolutionConfigurationPlatforms) = preSolution
		Debug|Any CPU = Debug|Any CPU
		Release|Any CPU = Release|Any CPU
	EndGlobalSection
	GlobalSection(ProjectConfigurationPlatforms) = postSolution
		{D476D998-A4BE-4691-B86B-235C92BC82ED}.Debug|Any CPU.ActiveCfg = Debug|Any CPU
		{D476D998-A4BE-4691-B86B-235C92BC82ED}.Debug|Any CPU.Build.0 = Debug|Any CPU
		{D476D998-A4BE-4691-B86B-235C92BC82ED}.Release|Any CPU.ActiveCfg = Release|Any CPU
		{D476D998-A4BE-4691-B86B-235C92BC82ED}.Release|Any CPU.Build.0 = Release|Any CPU
	EndGlobalSection
	GlobalSection(SolutionProperties) = preSolution
		HideSolutionNode = FALSE
	EndGlobalSection
	GlobalSection(ExtensibilityGlobals) = postSolution
		SolutionGuid = {252A9EB8-07EC-4C66-8AFA-13ADE4EBCA0C}
	EndGlobalSection
EndGlobal
